
Microsoft Visual Studio Solution File, Format Version 12.00
# Visual Studio Version 17
VisualStudioVersion = 17.4.33122.133
MinimumVisualStudioVersion = 10.0.40219.1
Project("{9A19103F-16F7-4668-BE54-9A1E7A4F7556}") = "Dersde 10 Task", "Dersde 10 Task\Dersde 10 Task.csproj", "{20DD3460-9A51-4399-92BF-40DD32EE122E}"
EndProject
Project("{FAE04EC0-301F-11D3-BF4B-00C04F79EFBC}") = "Clas", "Clas\Clas.csproj", "{B320C683-B73C-463E-8F80-F82CBB05D1BE}"
EndProject
Global
	GlobalSection(SolutionConfigurationPlatforms) = preSolution
		Debug|Any CPU = Debug|Any CPU
		Release|Any CPU = Release|Any CPU
	EndGlobalSection
	GlobalSection(ProjectConfigurationPlatforms) = postSolution
		{20DD3460-9A51-4399-92BF-40DD32EE122E}.Debug|Any CPU.ActiveCfg = Debug|Any CPU
		{20DD3460-9A51-4399-92BF-40DD32EE122E}.Debug|Any CPU.Build.0 = Debug|Any CPU
		{20DD3460-9A51-4399-92BF-40DD32EE122E}.Release|Any CPU.ActiveCfg = Release|Any CPU
		{20DD3460-9A51-4399-92BF-40DD32EE122E}.Release|Any CPU.Build.0 = Release|Any CPU
		{B320C683-B73C-463E-8F80-F82CBB05D1BE}.Debug|Any CPU.ActiveCfg = Debug|Any CPU
		{B320C683-B73C-463E-8F80-F82CBB05D1BE}.Debug|Any CPU.Build.0 = Debug|Any CPU
		{B320C683-B73C-463E-8F80-F82CBB05D1BE}.Release|Any CPU.ActiveCfg = Release|Any CPU
		{B320C683-B73C-463E-8F80-F82CBB05D1BE}.Release|Any CPU.Build.0 = Release|Any CPU
	EndGlobalSection
	GlobalSection(SolutionProperties) = preSolution
		HideSolutionNode = FALSE
	EndGlobalSection
	GlobalSection(ExtensibilityGlobals) = postSolution
		SolutionGuid = {993B2B4A-0D51-4E76-98E9-38A6C4139B9A}
	EndGlobalSection
EndGlobal
